
Microsoft Visual Studio Solution File, Format Version 12.00
# Visual Studio 2012
Project("{FAE04EC0-301F-11D3-BF4B-00C04F79EFBC}") = "ExcelHelper", "ExcelHelper\ExcelHelper.csproj", "{0C7E9476-26EF-428A-94BE-705AB55FE9E5}"
EndProject
Project("{FAE04EC0-301F-11D3-BF4B-00C04F79EFBC}") = "ExcelHelper.Test", "ExcelHelper.Test\ExcelHelper.Test.csproj", "{81D5BCDD-1982-423E-943A-EE49F72D256A}"
EndProject
Global
	GlobalSection(SolutionConfigurationPlatforms) = preSolution
		Debug|Any CPU = Debug|Any CPU
		Release|Any CPU = Release|Any CPU
	EndGlobalSection
	GlobalSection(ProjectConfigurationPlatforms) = postSolution
		{0C7E9476-26EF-428A-94BE-705AB55FE9E5}.Debug|Any CPU.ActiveCfg = Debug|Any CPU
		{0C7E9476-26EF-428A-94BE-705AB55FE9E5}.Debug|Any CPU.Build.0 = Debug|Any CPU
		{0C7E9476-26EF-428A-94BE-705AB55FE9E5}.Release|Any CPU.ActiveCfg = Release|Any CPU
		{0C7E9476-26EF-428A-94BE-705AB55FE9E5}.Release|Any CPU.Build.0 = Release|Any CPU
		{81D5BCDD-1982-423E-943A-EE49F72D256A}.Debug|Any CPU.ActiveCfg = Debug|Any CPU
		{81D5BCDD-1982-423E-943A-EE49F72D256A}.Debug|Any CPU.Build.0 = Debug|Any CPU
		{81D5BCDD-1982-423E-943A-EE49F72D256A}.Release|Any CPU.ActiveCfg = Release|Any CPU
		{81D5BCDD-1982-423E-943A-EE49F72D256A}.Release|Any CPU.Build.0 = Release|Any CPU
	EndGlobalSection
	GlobalSection(SolutionProperties) = preSolution
		HideSolutionNode = FALSE
	EndGlobalSection
EndGlobal
